
Microsoft Visual Studio Solution File, Format Version 12.00
# Visual Studio Version 17
VisualStudioVersion = 17.10.35027.167
MinimumVisualStudioVersion = 10.0.40219.1
Project("{FAE04EC0-301F-11D3-BF4B-00C04F79EFBC}") = "MeasureConversorByQuery", "MeasureConversorByQuery\MeasureConversorByQuery.csproj", "{3FDF4337-DDB8-4BE0-8213-B3038301BC4D}"
EndProject
Global
	GlobalSection(SolutionConfigurationPlatforms) = preSolution
		Debug|Any CPU = Debug|Any CPU
		Release|Any CPU = Release|Any CPU
	EndGlobalSection
	GlobalSection(ProjectConfigurationPlatforms) = postSolution
		{3FDF4337-DDB8-4BE0-8213-B3038301BC4D}.Debug|Any CPU.ActiveCfg = Debug|Any CPU
		{3FDF4337-DDB8-4BE0-8213-B3038301BC4D}.Debug|Any CPU.Build.0 = Debug|Any CPU
		{3FDF4337-DDB8-4BE0-8213-B3038301BC4D}.Release|Any CPU.ActiveCfg = Release|Any CPU
		{3FDF4337-DDB8-4BE0-8213-B3038301BC4D}.Release|Any CPU.Build.0 = Release|Any CPU
	EndGlobalSection
	GlobalSection(SolutionProperties) = preSolution
		HideSolutionNode = FALSE
	EndGlobalSection
	GlobalSection(ExtensibilityGlobals) = postSolution
		SolutionGuid = {C256B01A-BA5A-440F-906F-0529A3456A3B}
	EndGlobalSection
EndGlobal
